schema: '2.0'
stages:
  train_model_oily:
    cmd: python src/train_model.py data/raw/oily_dry oily_dry_model.h5 Adam 0.0001
    deps:
    - path: data/raw/oily_dry
      hash: md5
      md5: e0762a857622b5de04002769c2d27e84.dir
      size: 46752639
      nfiles: 200
    - path: src/train_model.py
      hash: md5
      md5: ebb36aedb47ae0df5a48820d8e25ed05
      size: 6505
    outs:
    - path: models/oily_dry_model.h5
      hash: md5
      md5: f4cef6d2db33b43f8f6845e1af5465b8
      size: 28141488
  train_model_pigmented:
    cmd: python src/train_model.py data/raw/pigmented_skin pigmented_nonpigmented_model.h5
      SGD 0.01
    deps:
    - path: data/raw/pigmented_skin
      hash: md5
      md5: 1ede665d6cedab3ce66e3e48527ecb75.dir
      size: 28241003
      nfiles: 200
    - path: src/train_model.py
      hash: md5
      md5: ebb36aedb47ae0df5a48820d8e25ed05
      size: 6505
    outs:
    - path: models/pigmented_nonpigmented_model.h5
      hash: md5
      md5: f945b69ed07609e31174abcbc96810f4
      size: 20665648
  train_model_sensitive:
    cmd: python src/train_model.py data/raw/sensitive_resistant sensation_model.h5
      Adam 0.001
    deps:
    - path: data/raw/sensitive_resistant
      hash: md5
      md5: 1ca8d2aa30b78f32c7bdd31e4bf0c960.dir
      size: 25458927
      nfiles: 200
    - path: src/train_model.py
      hash: md5
      md5: ebb36aedb47ae0df5a48820d8e25ed05
      size: 6505
    outs:
    - path: models/sensation_model.h5
      hash: md5
      md5: 1c7dee73a5667c59778b10f38829a59c
      size: 28141488
  train_model_wrinkles:
    cmd: python src/train_model.py data/raw/wrinkled_smooth wrinkles_model.h5 Adam
      0.001
    deps:
    - path: data/raw/wrinkled_smooth
      hash: md5
      md5: b2aa25aa7e3ecd74badafdaffdb93714.dir
      size: 19222986
      nfiles: 200
    - path: src/train_model.py
      hash: md5
      md5: ebb36aedb47ae0df5a48820d8e25ed05
      size: 6505
    outs:
    - path: models/wrinkles_model.h5
      hash: md5
      md5: 4da66aa7905c07465d237da5ed7777f2
      size: 28141488
